
Microsoft Visual Studio Solution File, Format Version 12.00
# Visual Studio 15
Project("{9344BDBB-3E7F-41FC-A0DD-8665D75EE146}") = "PriorityRoute", "PriorityRoute\PriorityRoute.csproj", "{BA73F545-C947-45D4-A6D3-41879B07DA15}"
EndProject
Project("{9344BDBB-3E7F-41FC-A0DD-8665D75EE146}") = "PriorityRoute.Android", "PriorityRoute.Android\PriorityRoute.Android.csproj", "{76690450-B898-48DA-9042-6E97C79A6FF0}"
EndProject
Project("{9344BDBB-3E7F-41FC-A0DD-8665D75EE146}") = "PriorityRoute.iOS", "PriorityRoute.iOS\PriorityRoute.iOS.csproj", "{8943C282-995E-4D8A-B608-F93319A74D71}"
EndProject
Global
	GlobalSection(SolutionConfigurationPlatforms) = preSolution
		Debug|Any CPU = Debug|Any CPU
		Release|Any CPU = Release|Any CPU
		Debug|iPhoneSimulator = Debug|iPhoneSimulator
		Release|iPhoneSimulator = Release|iPhoneSimulator
		Debug|iPhone = Debug|iPhone
		Release|iPhone = Release|iPhone
	EndGlobalSection
	GlobalSection(ProjectConfigurationPlatforms) = postSolution
		{BA73F545-C947-45D4-A6D3-41879B07DA15}.Debug|Any CPU.ActiveCfg = Debug|Any CPU
		{BA73F545-C947-45D4-A6D3-41879B07DA15}.Debug|Any CPU.Build.0 = Debug|Any CPU
		{BA73F545-C947-45D4-A6D3-41879B07DA15}.Release|Any CPU.ActiveCfg = Release|Any CPU
		{BA73F545-C947-45D4-A6D3-41879B07DA15}.Release|Any CPU.Build.0 = Release|Any CPU
		{BA73F545-C947-45D4-A6D3-41879B07DA15}.Debug|iPhoneSimulator.ActiveCfg = Debug|Any CPU
		{BA73F545-C947-45D4-A6D3-41879B07DA15}.Debug|iPhoneSimulator.Build.0 = Debug|Any CPU
		{BA73F545-C947-45D4-A6D3-41879B07DA15}.Release|iPhoneSimulator.ActiveCfg = Release|Any CPU
		{BA73F545-C947-45D4-A6D3-41879B07DA15}.Release|iPhoneSimulator.Build.0 = Release|Any CPU
		{BA73F545-C947-45D4-A6D3-41879B07DA15}.Debug|iPhone.ActiveCfg = Debug|Any CPU
		{BA73F545-C947-45D4-A6D3-41879B07DA15}.Debug|iPhone.Build.0 = Debug|Any CPU
		{BA73F545-C947-45D4-A6D3-41879B07DA15}.Release|iPhone.ActiveCfg = Release|Any CPU
		{BA73F545-C947-45D4-A6D3-41879B07DA15}.Release|iPhone.Build.0 = Release|Any CPU
		{76690450-B898-48DA-9042-6E97C79A6FF0}.Debug|Any CPU.ActiveCfg = Debug|Any CPU
		{76690450-B898-48DA-9042-6E97C79A6FF0}.Debug|Any CPU.Build.0 = Debug|Any CPU
		{76690450-B898-48DA-9042-6E97C79A6FF0}.Release|Any CPU.ActiveCfg = Release|Any CPU
		{76690450-B898-48DA-9042-6E97C79A6FF0}.Release|Any CPU.Build.0 = Release|Any CPU
		{76690450-B898-48DA-9042-6E97C79A6FF0}.Debug|iPhoneSimulator.ActiveCfg = Debug|Any CPU
		{76690450-B898-48DA-9042-6E97C79A6FF0}.Debug|iPhoneSimulator.Build.0 = Debug|Any CPU
		{76690450-B898-48DA-9042-6E97C79A6FF0}.Release|iPhoneSimulator.ActiveCfg = Release|Any CPU
		{76690450-B898-48DA-9042-6E97C79A6FF0}.Release|iPhoneSimulator.Build.0 = Release|Any CPU
		{76690450-B898-48DA-9042-6E97C79A6FF0}.Debug|iPhone.ActiveCfg = Debug|Any CPU
		{76690450-B898-48DA-9042-6E97C79A6FF0}.Debug|iPhone.Build.0 = Debug|Any CPU
		{76690450-B898-48DA-9042-6E97C79A6FF0}.Release|iPhone.ActiveCfg = Release|Any CPU
		{76690450-B898-48DA-9042-6E97C79A6FF0}.Release|iPhone.Build.0 = Release|Any CPU
		{8943C282-995E-4D8A-B608-F93319A74D71}.Debug|Any CPU.ActiveCfg = Debug|iPhoneSimulator
		{8943C282-995E-4D8A-B608-F93319A74D71}.Debug|Any CPU.Build.0 = Debug|iPhoneSimulator
		{8943C282-995E-4D8A-B608-F93319A74D71}.Release|Any CPU.ActiveCfg = Release|iPhoneSimulator
		{8943C282-995E-4D8A-B608-F93319A74D71}.Release|Any CPU.Build.0 = Release|iPhoneSimulator
		{8943C282-995E-4D8A-B608-F93319A74D71}.Debug|iPhoneSimulator.ActiveCfg = Debug|iPhoneSimulator
		{8943C282-995E-4D8A-B608-F93319A74D71}.Debug|iPhoneSimulator.Build.0 = Debug|iPhoneSimulator
		{8943C282-995E-4D8A-B608-F93319A74D71}.Release|iPhoneSimulator.ActiveCfg = Release|iPhoneSimulator
		{8943C282-995E-4D8A-B608-F93319A74D71}.Release|iPhoneSimulator.Build.0 = Release|iPhoneSimulator
		{8943C282-995E-4D8A-B608-F93319A74D71}.Debug|iPhone.ActiveCfg = Debug|iPhone
		{8943C282-995E-4D8A-B608-F93319A74D71}.Debug|iPhone.Build.0 = Debug|iPhone
		{8943C282-995E-4D8A-B608-F93319A74D71}.Release|iPhone.ActiveCfg = Release|iPhone
		{8943C282-995E-4D8A-B608-F93319A74D71}.Release|iPhone.Build.0 = Release|iPhone
	EndGlobalSection
EndGlobal
